
Microsoft Visual Studio Solution File, Format Version 12.00
# Visual Studio Version 16
VisualStudioVersion = 16.0.30114.105
MinimumVisualStudioVersion = 10.0.40219.1
Project("{FAE04EC0-301F-11D3-BF4B-00C04F79EFBC}") = "MyProject", "MyProject\MyProject.csproj", "{2EBAAE5C-6C75-4945-A2B4-B0506E9B3BFF}"
EndProject
Global
	GlobalSection(SolutionConfigurationPlatforms) = preSolution
		Debug|Any CPU = Debug|Any CPU
		Release|Any CPU = Release|Any CPU
	EndGlobalSection
	GlobalSection(SolutionProperties) = preSolution
		HideSolutionNode = FALSE
	EndGlobalSection
	GlobalSection(ProjectConfigurationPlatforms) = postSolution
		{2EBAAE5C-6C75-4945-A2B4-B0506E9B3BFF}.Debug|Any CPU.ActiveCfg = Debug|Any CPU
		{2EBAAE5C-6C75-4945-A2B4-B0506E9B3BFF}.Debug|Any CPU.Build.0 = Debug|Any CPU
		{2EBAAE5C-6C75-4945-A2B4-B0506E9B3BFF}.Release|Any CPU.ActiveCfg = Release|Any CPU
		{2EBAAE5C-6C75-4945-A2B4-B0506E9B3BFF}.Release|Any CPU.Build.0 = Release|Any CPU
	EndGlobalSection
EndGlobal
