
Microsoft Visual Studio Solution File, Format Version 12.00
# Visual Studio Version 16
VisualStudioVersion = 16.0.30114.105
MinimumVisualStudioVersion = 10.0.40219.1
Project("{FAE04EC0-301F-11D3-BF4B-00C04F79EFBC}") = "MyProject", "MyProject\MyProject.csproj", "{55DBCD96-84DC-438D-8778-E8BBC7DF99AF}"
EndProject
Global
	GlobalSection(SolutionConfigurationPlatforms) = preSolution
		Debug|Any CPU = Debug|Any CPU
		Release|Any CPU = Release|Any CPU
	EndGlobalSection
	GlobalSection(SolutionProperties) = preSolution
		HideSolutionNode = FALSE
	EndGlobalSection
	GlobalSection(ProjectConfigurationPlatforms) = postSolution
		{55DBCD96-84DC-438D-8778-E8BBC7DF99AF}.Debug|Any CPU.ActiveCfg = Debug|Any CPU
		{55DBCD96-84DC-438D-8778-E8BBC7DF99AF}.Debug|Any CPU.Build.0 = Debug|Any CPU
		{55DBCD96-84DC-438D-8778-E8BBC7DF99AF}.Release|Any CPU.ActiveCfg = Release|Any CPU
		{55DBCD96-84DC-438D-8778-E8BBC7DF99AF}.Release|Any CPU.Build.0 = Release|Any CPU
	EndGlobalSection
EndGlobal
